// !$*UTF8*$!
{
	archiveVersion = 1;
	classes = {
	};
	objectVersion = 54;
	objects = {

/* Begin PBXBuildFile section */
		24EB805A64B1EF1068BF440F /* PSPDFKit in Frameworks */ = {isa = PBXBuildFile; fileRef = DABFD9414383F1F35F6DE608 /* PSPDFKit */; productRef = EB88ADF0A377B6D01C8ECAA2 /* PSPDFKit */; };
		78D0747A25078B24006995D4 /* DocumentBrowserApp.swift in Sources */ = {isa = PBXBuildFile; fileRef = 78D0747925078B24006995D4 /* DocumentBrowserApp.swift */; };
		78D0747C25078B24006995D4 /* PDFDocument.swift in Sources */ = {isa = PBXBuildFile; fileRef = 78D0747B25078B24006995D4 /* PDFDocument.swift */; };
		78D0747E25078B24006995D4 /* PDFDocumentView.swift in Sources */ = {isa = PBXBuildFile; fileRef = 78D0747D25078B24006995D4 /* PDFDocumentView.swift */; };
		78D0748025078B25006995D4 /* Assets.xcassets in Resources */ = {isa = PBXBuildFile; fileRef = 78D0747F25078B25006995D4 /* Assets.xcassets */; };
/* End PBXBuildFile section */

/* Begin PBXCopyFilesBuildPhase section */
		78D074C3250A7145006995D4 /* Embed Frameworks */ = {
			isa = PBXCopyFilesBuildPhase;
			buildActionMask = 2147483647;
			dstPath = "";
			dstSubfolderSpec = 10;
			files = (
			);
			name = "Embed Frameworks";
			runOnlyForDeploymentPostprocessing = 0;
		};
/* End PBXCopyFilesBuildPhase section */

/* Begin PBXFileReference section */
		783D2DC825E537110017C027 /* SwiftUIDocumentBrowser.entitlements */ = {isa = PBXFileReference; lastKnownFileType = text.plist.entitlements; path = SwiftUIDocumentBrowser.entitlements; sourceTree = "<group>"; };
		78D0747625078B24006995D4 /* SwiftUIDocumentBrowser.app */ = {isa = PBXFileReference; explicitFileType = wrapper.application; includeInIndex = 0; path = SwiftUIDocumentBrowser.app; sourceTree = BUILT_PRODUCTS_DIR; };
		78D0747925078B24006995D4 /* DocumentBrowserApp.swift */ = {isa = PBXFileReference; lastKnownFileType = sourcecode.swift; path = DocumentBrowserApp.swift; sourceTree = "<group>"; };
		78D0747B25078B24006995D4 /* PDFDocument.swift */ = {isa = PBXFileReference; lastKnownFileType = sourcecode.swift; path = PDFDocument.swift; sourceTree = "<group>"; };
		78D0747D25078B24006995D4 /* PDFDocumentView.swift */ = {isa = PBXFileReference; lastKnownFileType = sourcecode.swift; path = PDFDocumentView.swift; sourceTree = "<group>"; };
		78D0747F25078B25006995D4 /* Assets.xcassets */ = {isa = PBXFileReference; lastKnownFileType = folder.assetcatalog; path = Assets.xcassets; sourceTree = "<group>"; };
		78D0748425078B25006995D4 /* Info.plist */ = {isa = PBXFileReference; lastKnownFileType = text.plist.xml; path = Info.plist; sourceTree = "<group>"; };
		DABFD9414383F1F35F6DE608 /* PSPDFKit */ = {isa = PBXFileReference; includeInIndex = 1; path = PSPDFKit; sourceTree = SOURCE_ROOT; };
/* End PBXFileReference section */

/* Begin PBXFrameworksBuildPhase section */
		78D0747325078B24006995D4 /* Frameworks */ = {
			isa = PBXFrameworksBuildPhase;
			buildActionMask = 2147483647;
			files = (
				24EB805A64B1EF1068BF440F /* PSPDFKit in Frameworks */,
			);
			runOnlyForDeploymentPostprocessing = 0;
		};
/* End PBXFrameworksBuildPhase section */

/* Begin PBXGroup section */
		78D0746D25078B24006995D4 = {
			isa = PBXGroup;
			children = (
				78D0747825078B24006995D4 /* SwiftUIDocumentBrowser */,
				78D0747725078B24006995D4 /* Products */,
				78D074BE250A4561006995D4 /* Frameworks */,
			);
			sourceTree = "<group>";
		};
		78D0747725078B24006995D4 /* Products */ = {
			isa = PBXGroup;
			children = (
				78D0747625078B24006995D4 /* SwiftUIDocumentBrowser.app */,
			);
			name = Products;
			sourceTree = "<group>";
		};
		78D0747825078B24006995D4 /* SwiftUIDocumentBrowser */ = {
			isa = PBXGroup;
			children = (
				783D2DC825E537110017C027 /* SwiftUIDocumentBrowser.entitlements */,
				78D0747925078B24006995D4 /* DocumentBrowserApp.swift */,
				78D0747B25078B24006995D4 /* PDFDocument.swift */,
				78D0747D25078B24006995D4 /* PDFDocumentView.swift */,
				78D0747F25078B25006995D4 /* Assets.xcassets */,
				78D0748425078B25006995D4 /* Info.plist */,
			);
			path = SwiftUIDocumentBrowser;
			sourceTree = "<group>";
		};
		78D074BE250A4561006995D4 /* Frameworks */ = {
			isa = PBXGroup;
			children = (
				DABFD9414383F1F35F6DE608 /* PSPDFKit */,
			);
			name = Frameworks;
			sourceTree = "<group>";
		};
/* End PBXGroup section */

/* Begin PBXNativeTarget section */
		78D0747525078B24006995D4 /* SwiftUIDocumentBrowser */ = {
			isa = PBXNativeTarget;
			buildConfigurationList = 78D0748725078B25006995D4 /* Build configuration list for PBXNativeTarget "SwiftUIDocumentBrowser" */;
			buildPhases = (
				78D0747225078B24006995D4 /* Sources */,
				78D0747325078B24006995D4 /* Frameworks */,
				78D0747425078B24006995D4 /* Resources */,
				78D074C3250A7145006995D4 /* Embed Frameworks */,
				7871FDB025E6913900B55777 /* ShellScript */,
			);
			buildRules = (
			);
			dependencies = (
			);
			name = SwiftUIDocumentBrowser;
			productName = SwiftUIExample;
			productReference = 78D0747625078B24006995D4 /* SwiftUIDocumentBrowser.app */;
			productType = "com.apple.product-type.application";
		};
/* End PBXNativeTarget section */

/* Begin PBXProject section */
		78D0746E25078B24006995D4 /* Project object */ = {
			isa = PBXProject;
			attributes = {
				LastSwiftUpdateCheck = 1200;
				LastUpgradeCheck = 9999;
				TargetAttributes = {
					78D0747525078B24006995D4 = {
						CreatedOnToolsVersion = 12.0;
						LastSwiftMigration = 2610;
					};
				};
			};
			buildConfigurationList = 78D0747125078B24006995D4 /* Build configuration list for PBXProject "SwiftUIDocumentBrowser" */;
			compatibilityVersion = "Xcode 9.3";
			developmentRegion = en;
			hasScannedForEncodings = 0;
			knownRegions = (
				en,
				Base,
			);
			mainGroup = 78D0746D25078B24006995D4;
			packageReferences = (
				BD3C4546005D5B13AF42A584 /* XCRemoteSwiftPackageReference "PSPDFKit-SP" */,
			);
			productRefGroup = 78D0747725078B24006995D4 /* Products */;
			projectDirPath = "";
			projectRoot = "";
			targets = (
				78D0747525078B24006995D4 /* SwiftUIDocumentBrowser */,
			);
		};
/* End PBXProject section */

/* Begin PBXResourcesBuildPhase section */
		78D0747425078B24006995D4 /* Resources */ = {
			isa = PBXResourcesBuildPhase;
			buildActionMask = 2147483647;
			files = (
				78D0748025078B25006995D4 /* Assets.xcassets in Resources */,
			);
			runOnlyForDeploymentPostprocessing = 0;
		};
/* End PBXResourcesBuildPhase section */

/* Begin PBXShellScriptBuildPhase section */
		7871FDB025E6913900B55777 /* ShellScript */ = {
			isa = PBXShellScriptBuildPhase;
			alwaysOutOfDate = 1;
			buildActionMask = 2147483647;
			files = (
			);
			inputFileListPaths = (
			);
			inputPaths = (
			);
			outputFileListPaths = (
			);
			outputPaths = (
			);
			runOnlyForDeploymentPostprocessing = 0;
			shellPath = /bin/sh;
			shellScript = "# For Mac Catalyst, Xcode is finding the XCFrameworks extracted frameworks in the build directory\n# and trying to link them instead of the signed frameworks in the app bundle.\n# We remove the quarantine attribute that could have been added during download\n# so that this doesn't lead to a warning when the app is launched via Xcode.\nif [ \"${IS_MACCATALYST}\" = \"YES\" ]; then\n    for framework in $TARGET_BUILD_DIR/*.framework; do\n        if [ -d \"$framework\" ]; then\n            xattr -d -r com.apple.quarantine \"$framework\"\n        fi\n    done\nfi\n";
		};
/* End PBXShellScriptBuildPhase section */

/* Begin PBXSourcesBuildPhase section */
		78D0747225078B24006995D4 /* Sources */ = {
			isa = PBXSourcesBuildPhase;
			buildActionMask = 2147483647;
			files = (
				78D0747A25078B24006995D4 /* DocumentBrowserApp.swift in Sources */,
				78D0747C25078B24006995D4 /* PDFDocument.swift in Sources */,
				78D0747E25078B24006995D4 /* PDFDocumentView.swift in Sources */,
			);
			runOnlyForDeploymentPostprocessing = 0;
		};
/* End PBXSourcesBuildPhase section */

/* Begin XCBuildConfiguration section */
		78D0748525078B25006995D4 /* Debug */ = {
			isa = XCBuildConfiguration;
			buildSettings = {
				ALWAYS_SEARCH_USER_PATHS = NO;
				CLANG_ANALYZER_NONNULL = YES;
				CLANG_ANALYZER_NUMBER_OBJECT_CONVERSION = YES_AGGRESSIVE;
				CLANG_CXX_LANGUAGE_STANDARD = "gnu++14";
				CLANG_CXX_LIBRARY = "libc++";
				CLANG_ENABLE_MODULES = YES;
				CLANG_ENABLE_OBJC_ARC = YES;
				CLANG_ENABLE_OBJC_WEAK = YES;
				CLANG_WARN_BLOCK_CAPTURE_AUTORELEASING = YES;
				CLANG_WARN_BOOL_CONVERSION = YES;
				CLANG_WARN_COMMA = YES;
				CLANG_WARN_CONSTANT_CONVERSION = YES;
				CLANG_WARN_DEPRECATED_OBJC_IMPLEMENTATIONS = YES;
				CLANG_WARN_DIRECT_OBJC_ISA_USAGE = YES_ERROR;
				CLANG_WARN_DOCUMENTATION_COMMENTS = YES;
				CLANG_WARN_EMPTY_BODY = YES;
				CLANG_WARN_ENUM_CONVERSION = YES;
				CLANG_WARN_INFINITE_RECURSION = YES;
				CLANG_WARN_INT_CONVERSION = YES;
				CLANG_WARN_NON_LITERAL_NULL_CONVERSION = YES;
				CLANG_WARN_OBJC_IMPLICIT_RETAIN_SELF = YES;
				CLANG_WARN_OBJC_LITERAL_CONVERSION = YES;
				CLANG_WARN_OBJC_ROOT_CLASS = YES_ERROR;
				CLANG_WARN_QUOTED_INCLUDE_IN_FRAMEWORK_HEADER = YES;
				CLANG_WARN_RANGE_LOOP_ANALYSIS = YES;
				CLANG_WARN_STRICT_PROTOTYPES = YES;
				CLANG_WARN_SUSPICIOUS_MOVE = YES;
				CLANG_WARN_UNGUARDED_AVAILABILITY = YES_AGGRESSIVE;
				CLANG_WARN_UNREACHABLE_CODE = YES;
				CLANG_WARN__DUPLICATE_METHOD_MATCH = YES;
				COPY_PHASE_STRIP = NO;
				DEBUG_INFORMATION_FORMAT = dwarf;
				ENABLE_BITCODE = NO;
				ENABLE_STRICT_OBJC_MSGSEND = YES;
				ENABLE_TESTABILITY = YES;
				FRAMEWORK_SEARCH_PATHS = "$(inherited)";
				GCC_C_LANGUAGE_STANDARD = gnu11;
				GCC_DYNAMIC_NO_PIC = NO;
				GCC_NO_COMMON_BLOCKS = YES;
				GCC_OPTIMIZATION_LEVEL = 0;
				GCC_PREPROCESSOR_DEFINITIONS = (
					"DEBUG=1",
					"$(inherited)",
				);
				GCC_WARN_64_TO_32_BIT_CONVERSION = YES;
				GCC_WARN_ABOUT_RETURN_TYPE = YES_ERROR;
				GCC_WARN_UNDECLARED_SELECTOR = YES;
				GCC_WARN_UNINITIALIZED_AUTOS = YES_AGGRESSIVE;
				GCC_WARN_UNUSED_FUNCTION = YES;
				GCC_WARN_UNUSED_VARIABLE = YES;
				IPHONEOS_DEPLOYMENT_TARGET = 16.0;
				MTL_ENABLE_DEBUG_INFO = INCLUDE_SOURCE;
				MTL_FAST_MATH = YES;
				ONLY_ACTIVE_ARCH = YES;
				SDKROOT = iphoneos;
				SWIFT_ACTIVE_COMPILATION_CONDITIONS = DEBUG;
				SWIFT_OPTIMIZATION_LEVEL = "-Onone";
			};
			name = Debug;
		};
		78D0748625078B25006995D4 /* Release */ = {
			isa = XCBuildConfiguration;
			buildSettings = {
				ALWAYS_SEARCH_USER_PATHS = NO;
				CLANG_ANALYZER_NONNULL = YES;
				CLANG_ANALYZER_NUMBER_OBJECT_CONVERSION = YES_AGGRESSIVE;
				CLANG_CXX_LANGUAGE_STANDARD = "gnu++14";
				CLANG_CXX_LIBRARY = "libc++";
				CLANG_ENABLE_MODULES = YES;
				CLANG_ENABLE_OBJC_ARC = YES;
				CLANG_ENABLE_OBJC_WEAK = YES;
				CLANG_WARN_BLOCK_CAPTURE_AUTORELEASING = YES;
				CLANG_WARN_BOOL_CONVERSION = YES;
				CLANG_WARN_COMMA = YES;
				CLANG_WARN_CONSTANT_CONVERSION = YES;
				CLANG_WARN_DEPRECATED_OBJC_IMPLEMENTATIONS = YES;
				CLANG_WARN_DIRECT_OBJC_ISA_USAGE = YES_ERROR;
				CLANG_WARN_DOCUMENTATION_COMMENTS = YES;
				CLANG_WARN_EMPTY_BODY = YES;
				CLANG_WARN_ENUM_CONVERSION = YES;
				CLANG_WARN_INFINITE_RECURSION = YES;
				CLANG_WARN_INT_CONVERSION = YES;
				CLANG_WARN_NON_LITERAL_NULL_CONVERSION = YES;
				CLANG_WARN_OBJC_IMPLICIT_RETAIN_SELF = YES;
				CLANG_WARN_OBJC_LITERAL_CONVERSION = YES;
				CLANG_WARN_OBJC_ROOT_CLASS = YES_ERROR;
				CLANG_WARN_QUOTED_INCLUDE_IN_FRAMEWORK_HEADER = YES;
				CLANG_WARN_RANGE_LOOP_ANALYSIS = YES;
				CLANG_WARN_STRICT_PROTOTYPES = YES;
				CLANG_WARN_SUSPICIOUS_MOVE = YES;
				CLANG_WARN_UNGUARDED_AVAILABILITY = YES_AGGRESSIVE;
				CLANG_WARN_UNREACHABLE_CODE = YES;
				CLANG_WARN__DUPLICATE_METHOD_MATCH = YES;
				COPY_PHASE_STRIP = NO;
				DEBUG_INFORMATION_FORMAT = "dwarf-with-dsym";
				ENABLE_BITCODE = NO;
				ENABLE_NS_ASSERTIONS = NO;
				ENABLE_STRICT_OBJC_MSGSEND = YES;
				FRAMEWORK_SEARCH_PATHS = "$(inherited)";
				GCC_C_LANGUAGE_STANDARD = gnu11;
				GCC_NO_COMMON_BLOCKS = YES;
				GCC_WARN_64_TO_32_BIT_CONVERSION = YES;
				GCC_WARN_ABOUT_RETURN_TYPE = YES_ERROR;
				GCC_WARN_UNDECLARED_SELECTOR = YES;
				GCC_WARN_UNINITIALIZED_AUTOS = YES_AGGRESSIVE;
				GCC_WARN_UNUSED_FUNCTION = YES;
				GCC_WARN_UNUSED_VARIABLE = YES;
				IPHONEOS_DEPLOYMENT_TARGET = 16.0;
				MTL_ENABLE_DEBUG_INFO = NO;
				MTL_FAST_MATH = YES;
				SDKROOT = iphoneos;
				SWIFT_COMPILATION_MODE = wholemodule;
				SWIFT_OPTIMIZATION_LEVEL = "-O";
				VALIDATE_PRODUCT = YES;
			};
			name = Release;
		};
		78D0748825078B25006995D4 /* Debug */ = {
			isa = XCBuildConfiguration;
			buildSettings = {
				ASSETCATALOG_COMPILER_APPICON_NAME = AppIcon;
				ASSETCATALOG_COMPILER_GLOBAL_ACCENT_COLOR_NAME = AccentColor;
				CODE_SIGN_ENTITLEMENTS = SwiftUIDocumentBrowser/SwiftUIDocumentBrowser.entitlements;
				CODE_SIGN_STYLE = Automatic;
				DEVELOPMENT_TEAM = "";
				ENABLE_PREVIEWS = YES;
				FRAMEWORK_SEARCH_PATHS = "$(inherited)";
				INFOPLIST_FILE = SwiftUIDocumentBrowser/Info.plist;
				LD_RUNPATH_SEARCH_PATHS = (
					"$(inherited)",
					"@executable_path/Frameworks",
				);
				PRODUCT_BUNDLE_IDENTIFIER = com.pspdfkit.SwiftUIExample;
				PRODUCT_NAME = "$(TARGET_NAME)";
				SUPPORTS_MACCATALYST = YES;
				SWIFT_VERSION = 5.0;
				TARGETED_DEVICE_FAMILY = "1,2,6";
			};
			name = Debug;
		};
		78D0748925078B25006995D4 /* Release */ = {
			isa = XCBuildConfiguration;
			buildSettings = {
				ASSETCATALOG_COMPILER_APPICON_NAME = AppIcon;
				ASSETCATALOG_COMPILER_GLOBAL_ACCENT_COLOR_NAME = AccentColor;
				CODE_SIGN_ENTITLEMENTS = SwiftUIDocumentBrowser/SwiftUIDocumentBrowser.entitlements;
				CODE_SIGN_STYLE = Automatic;
				DEVELOPMENT_TEAM = "";
				ENABLE_PREVIEWS = YES;
				FRAMEWORK_SEARCH_PATHS = "$(inherited)";
				INFOPLIST_FILE = SwiftUIDocumentBrowser/Info.plist;
				LD_RUNPATH_SEARCH_PATHS = (
					"$(inherited)",
					"@executable_path/Frameworks",
				);
				PRODUCT_BUNDLE_IDENTIFIER = com.pspdfkit.SwiftUIExample;
				PRODUCT_NAME = "$(TARGET_NAME)";
				SUPPORTS_MACCATALYST = YES;
				SWIFT_VERSION = 5.0;
				TARGETED_DEVICE_FAMILY = "1,2,6";
			};
			name = Release;
		};
/* End XCBuildConfiguration section */

/* Begin XCConfigurationList section */
		78D0747125078B24006995D4 /* Build configuration list for PBXProject "SwiftUIDocumentBrowser" */ = {
			isa = XCConfigurationList;
			buildConfigurations = (
				78D0748525078B25006995D4 /* Debug */,
				78D0748625078B25006995D4 /* Release */,
			);
			defaultConfigurationIsVisible = 0;
			defaultConfigurationName = Release;
		};
		78D0748725078B25006995D4 /* Build configuration list for PBXNativeTarget "SwiftUIDocumentBrowser" */ = {
			isa = XCConfigurationList;
			buildConfigurations = (
				78D0748825078B25006995D4 /* Debug */,
				78D0748925078B25006995D4 /* Release */,
			);
			defaultConfigurationIsVisible = 0;
			defaultConfigurationName = Release;
		};
/* End XCConfigurationList section */

/* Begin XCRemoteSwiftPackageReference section */
		BD3C4546005D5B13AF42A584 /* XCRemoteSwiftPackageReference "PSPDFKit-SP" */ = {
			isa = XCRemoteSwiftPackageReference;
			repositoryURL = "https://github.com/PSPDFKit/PSPDFKit-SP.git";
			requirement = {
				branch = master;
				kind = branch;
			};
		};
/* End XCRemoteSwiftPackageReference section */

/* Begin XCSwiftPackageProductDependency section */
		EB88ADF0A377B6D01C8ECAA2 /* PSPDFKit */ = {
			isa = XCSwiftPackageProductDependency;
			package = BD3C4546005D5B13AF42A584 /* XCRemoteSwiftPackageReference "PSPDFKit-SP" */;
			productName = PSPDFKit;
		};
/* End XCSwiftPackageProductDependency section */
	};
	rootObject = 78D0746E25078B24006995D4 /* Project object */;
}
